
Microsoft Visual Studio Solution File, Format Version 12.00
# Visual Studio Version 17
VisualStudioVersion = 17.8.34511.84
MinimumVisualStudioVersion = 10.0.40219.1
Project("{E24C65DC-7377-472B-9ABA-BC803B73C61A}") = "checking", "checking\", "{D4CAB3F9-A877-4CEF-A899-22CD5EF8BA0E}"
	ProjectSection(WebsiteProperties) = preProject
		TargetFrameworkMoniker = ".NETFramework,Version%3Dv4.7.2"
		Debug.AspNetCompiler.VirtualPath = "/localhost_57795"
		Debug.AspNetCompiler.PhysicalPath = "checking\"
		Debug.AspNetCompiler.TargetPath = "PrecompiledWeb\localhost_57795\"
		Debug.AspNetCompiler.Updateable = "true"
		Debug.AspNetCompiler.ForceOverwrite = "true"
		Debug.AspNetCompiler.FixedNames = "false"
		Debug.AspNetCompiler.Debug = "True"
		Release.AspNetCompiler.VirtualPath = "/localhost_57795"
		Release.AspNetCompiler.PhysicalPath = "checking\"
		Release.AspNetCompiler.TargetPath = "PrecompiledWeb\localhost_57795\"
		Release.AspNetCompiler.Updateable = "true"
		Release.AspNetCompiler.ForceOverwrite = "true"
		Release.AspNetCompiler.FixedNames = "false"
		Release.AspNetCompiler.Debug = "False"
		VWDPort = "57795"
		SlnRelativePath = "checking\"
		DefaultWebSiteLanguage = "Visual C#"
	EndProjectSection
EndProject
Global
	GlobalSection(SolutionConfigurationPlatforms) = preSolution
		Debug|Any CPU = Debug|Any CPU
	EndGlobalSection
	GlobalSection(ProjectConfigurationPlatforms) = postSolution
		{D4CAB3F9-A877-4CEF-A899-22CD5EF8BA0E}.Debug|Any CPU.ActiveCfg = Debug|Any CPU
		{D4CAB3F9-A877-4CEF-A899-22CD5EF8BA0E}.Debug|Any CPU.Build.0 = Debug|Any CPU
	EndGlobalSection
	GlobalSection(SolutionProperties) = preSolution
		HideSolutionNode = FALSE
	EndGlobalSection
	GlobalSection(ExtensibilityGlobals) = postSolution
		SolutionGuid = {6CC67CA1-A1CF-4FD1-9853-3F5E8E524D9A}
	EndGlobalSection
EndGlobal
